// !$*UTF8*$!
{
	archiveVersion = 1;
	classes = {
	};
	objectVersion = 56;
	objects = {

/* Begin PBXBuildFile section */
		1E0335602C47CD9C00562118 /* MobileNetV2.mlmodel in Sources */ = {isa = PBXBuildFile; fileRef = 1E03355F2C47CD9C00562118 /* MobileNetV2.mlmodel */; };
		1E0335612C47CD9C00562118 /* MobileNetV2.mlmodel in Sources */ = {isa = PBXBuildFile; fileRef = 1E03355F2C47CD9C00562118 /* MobileNetV2.mlmodel */; };
		1E0335622C47CD9C00562118 /* MobileNetV2.mlmodel in Sources */ = {isa = PBXBuildFile; fileRef = 1E03355F2C47CD9C00562118 /* MobileNetV2.mlmodel */; };
		1EB3E0CC2C4703FC001813C8 /* AppDelegate.swift in Sources */ = {isa = PBXBuildFile; fileRef = 1EB3E0CB2C4703FC001813C8 /* AppDelegate.swift */; };
		1EB3E0CE2C4703FC001813C8 /* SceneDelegate.swift in Sources */ = {isa = PBXBuildFile; fileRef = 1EB3E0CD2C4703FC001813C8 /* SceneDelegate.swift */; };
		1EB3E0D02C4703FC001813C8 /* ViewController.swift in Sources */ = {isa = PBXBuildFile; fileRef = 1EB3E0CF2C4703FC001813C8 /* ViewController.swift */; };
		1EB3E0D32C4703FC001813C8 /* Base in Resources */ = {isa = PBXBuildFile; fileRef = 1EB3E0D22C4703FC001813C8 /* Base */; };
		1EB3E0D52C4703FE001813C8 /* Assets.xcassets in Resources */ = {isa = PBXBuildFile; fileRef = 1EB3E0D42C4703FE001813C8 /* Assets.xcassets */; };
		1EB3E0D82C4703FE001813C8 /* Base in Resources */ = {isa = PBXBuildFile; fileRef = 1EB3E0D72C4703FE001813C8 /* Base */; };
		1EB3E0E32C4703FE001813C8 /* Machine__Learning_I_mage_RecognitionTests.swift in Sources */ = {isa = PBXBuildFile; fileRef = 1EB3E0E22C4703FE001813C8 /* Machine__Learning_I_mage_RecognitionTests.swift */; };
		1EB3E0ED2C4703FE001813C8 /* Machine__Learning_I_mage_RecognitionUITests.swift in Sources */ = {isa = PBXBuildFile; fileRef = 1EB3E0EC2C4703FE001813C8 /* Machine__Learning_I_mage_RecognitionUITests.swift */; };
		1EB3E0EF2C4703FE001813C8 /* Machine__Learning_I_mage_RecognitionUITestsLaunchTests.swift in Sources */ = {isa = PBXBuildFile; fileRef = 1EB3E0EE2C4703FE001813C8 /* Machine__Learning_I_mage_RecognitionUITestsLaunchTests.swift */; };
/* End PBXBuildFile section */

/* Begin PBXContainerItemProxy section */
		1EB3E0DF2C4703FE001813C8 /* PBXContainerItemProxy */ = {
			isa = PBXContainerItemProxy;
			containerPortal = 1EB3E0C02C4703FC001813C8 /* Project object */;
			proxyType = 1;
			remoteGlobalIDString = 1EB3E0C72C4703FC001813C8;
			remoteInfo = "Machine -Learning-İmage-Recognition";
		};
		1EB3E0E92C4703FE001813C8 /* PBXContainerItemProxy */ = {
			isa = PBXContainerItemProxy;
			containerPortal = 1EB3E0C02C4703FC001813C8 /* Project object */;
			proxyType = 1;
			remoteGlobalIDString = 1EB3E0C72C4703FC001813C8;
			remoteInfo = "Machine -Learning-İmage-Recognition";
		};
/* End PBXContainerItemProxy section */

/* Begin PBXFileReference section */
		1E03355F2C47CD9C00562118 /* MobileNetV2.mlmodel */ = {isa = PBXFileReference; lastKnownFileType = file.mlmodel; path = MobileNetV2.mlmodel; sourceTree = "<group>"; };
		1EB3E0C82C4703FC001813C8 /* Machine -Learning-İmage-Recognition.app */ = {isa = PBXFileReference; explicitFileType = wrapper.application; includeInIndex = 0; path = "Machine -Learning-İmage-Recognition.app"; sourceTree = BUILT_PRODUCTS_DIR; };
		1EB3E0CB2C4703FC001813C8 /* AppDelegate.swift */ = {isa = PBXFileReference; lastKnownFileType = sourcecode.swift; path = AppDelegate.swift; sourceTree = "<group>"; };
		1EB3E0CD2C4703FC001813C8 /* SceneDelegate.swift */ = {isa = PBXFileReference; lastKnownFileType = sourcecode.swift; path = SceneDelegate.swift; sourceTree = "<group>"; };
		1EB3E0CF2C4703FC001813C8 /* ViewController.swift */ = {isa = PBXFileReference; lastKnownFileType = sourcecode.swift; path = ViewController.swift; sourceTree = "<group>"; };
		1EB3E0D22C4703FC001813C8 /* Base */ = {isa = PBXFileReference; lastKnownFileType = file.storyboard; name = Base; path = Base.lproj/Main.storyboard; sourceTree = "<group>"; };
		1EB3E0D42C4703FE001813C8 /* Assets.xcassets */ = {isa = PBXFileReference; lastKnownFileType = folder.assetcatalog; path = Assets.xcassets; sourceTree = "<group>"; };
		1EB3E0D72C4703FE001813C8 /* Base */ = {isa = PBXFileReference; lastKnownFileType = file.storyboard; name = Base; path = Base.lproj/LaunchScreen.storyboard; sourceTree = "<group>"; };
		1EB3E0D92C4703FE001813C8 /* Info.plist */ = {isa = PBXFileReference; lastKnownFileType = text.plist.xml; path = Info.plist; sourceTree = "<group>"; };
		1EB3E0DE2C4703FE001813C8 /* Machine -Learning-İmage-RecognitionTests.xctest */ = {isa = PBXFileReference; explicitFileType = wrapper.cfbundle; includeInIndex = 0; path = "Machine -Learning-İmage-RecognitionTests.xctest"; sourceTree = BUILT_PRODUCTS_DIR; };
		1EB3E0E22C4703FE001813C8 /* Machine__Learning_I_mage_RecognitionTests.swift */ = {isa = PBXFileReference; lastKnownFileType = sourcecode.swift; path = Machine__Learning_I_mage_RecognitionTests.swift; sourceTree = "<group>"; };
		1EB3E0E82C4703FE001813C8 /* Machine -Learning-İmage-RecognitionUITests.xctest */ = {isa = PBXFileReference; explicitFileType = wrapper.cfbundle; includeInIndex = 0; path = "Machine -Learning-İmage-RecognitionUITests.xctest"; sourceTree = BUILT_PRODUCTS_DIR; };
		1EB3E0EC2C4703FE001813C8 /* Machine__Learning_I_mage_RecognitionUITests.swift */ = {isa = PBXFileReference; lastKnownFileType = sourcecode.swift; path = Machine__Learning_I_mage_RecognitionUITests.swift; sourceTree = "<group>"; };
		1EB3E0EE2C4703FE001813C8 /* Machine__Learning_I_mage_RecognitionUITestsLaunchTests.swift */ = {isa = PBXFileReference; lastKnownFileType = sourcecode.swift; path = Machine__Learning_I_mage_RecognitionUITestsLaunchTests.swift; sourceTree = "<group>"; };
/* End PBXFileReference section */

/* Begin PBXFrameworksBuildPhase section */
		1EB3E0C52C4703FC001813C8 /* Frameworks */ = {
			isa = PBXFrameworksBuildPhase;
			buildActionMask = 2147483647;
			files = (
			);
			runOnlyForDeploymentPostprocessing = 0;
		};
		1EB3E0DB2C4703FE001813C8 /* Frameworks */ = {
			isa = PBXFrameworksBuildPhase;
			buildActionMask = 2147483647;
			files = (
			);
			runOnlyForDeploymentPostprocessing = 0;
		};
		1EB3E0E52C4703FE001813C8 /* Frameworks */ = {
			isa = PBXFrameworksBuildPhase;
			buildActionMask = 2147483647;
			files = (
			);
			runOnlyForDeploymentPostprocessing = 0;
		};
/* End PBXFrameworksBuildPhase section */

/* Begin PBXGroup section */
		1EB3E0BF2C4703FC001813C8 = {
			isa = PBXGroup;
			children = (
				1EB3E0CA2C4703FC001813C8 /* Machine -Learning-İmage-Recognition */,
				1EB3E0E12C4703FE001813C8 /* Machine -Learning-İmage-RecognitionTests */,
				1EB3E0EB2C4703FE001813C8 /* Machine -Learning-İmage-RecognitionUITests */,
				1EB3E0C92C4703FC001813C8 /* Products */,
			);
			sourceTree = "<group>";
		};
		1EB3E0C92C4703FC001813C8 /* Products */ = {
			isa = PBXGroup;
			children = (
				1EB3E0C82C4703FC001813C8 /* Machine -Learning-İmage-Recognition.app */,
				1EB3E0DE2C4703FE001813C8 /* Machine -Learning-İmage-RecognitionTests.xctest */,
				1EB3E0E82C4703FE001813C8 /* Machine -Learning-İmage-RecognitionUITests.xctest */,
			);
			name = Products;
			sourceTree = "<group>";
		};
		1EB3E0CA2C4703FC001813C8 /* Machine -Learning-İmage-Recognition */ = {
			isa = PBXGroup;
			children = (
				1EB3E0CB2C4703FC001813C8 /* AppDelegate.swift */,
				1EB3E0CD2C4703FC001813C8 /* SceneDelegate.swift */,
				1EB3E0CF2C4703FC001813C8 /* ViewController.swift */,
				1EB3E0D12C4703FC001813C8 /* Main.storyboard */,
				1EB3E0D42C4703FE001813C8 /* Assets.xcassets */,
				1EB3E0D62C4703FE001813C8 /* LaunchScreen.storyboard */,
				1EB3E0D92C4703FE001813C8 /* Info.plist */,
			);
			path = "Machine -Learning-İmage-Recognition";
			sourceTree = "<group>";
		};
		1EB3E0E12C4703FE001813C8 /* Machine -Learning-İmage-RecognitionTests */ = {
			isa = PBXGroup;
			children = (
				1EB3E0E22C4703FE001813C8 /* Machine__Learning_I_mage_RecognitionTests.swift */,
			);
			path = "Machine -Learning-İmage-RecognitionTests";
			sourceTree = "<group>";
		};
		1EB3E0EB2C4703FE001813C8 /* Machine -Learning-İmage-RecognitionUITests */ = {
			isa = PBXGroup;
			children = (
				1EB3E0EC2C4703FE001813C8 /* Machine__Learning_I_mage_RecognitionUITests.swift */,
				1EB3E0EE2C4703FE001813C8 /* Machine__Learning_I_mage_RecognitionUITestsLaunchTests.swift */,
				1E03355F2C47CD9C00562118 /* MobileNetV2.mlmodel */,
			);
			path = "Machine -Learning-İmage-RecognitionUITests";
			sourceTree = "<group>";
		};
/* End PBXGroup section */

/* Begin PBXNativeTarget section */
		1EB3E0C72C4703FC001813C8 /* Machine -Learning-İmage-Recognition */ = {
			isa = PBXNativeTarget;
			buildConfigurationList = 1EB3E0F22C4703FE001813C8 /* Build configuration list for PBXNativeTarget "Machine -Learning-İmage-Recognition" */;
			buildPhases = (
				1EB3E0C42C4703FC001813C8 /* Sources */,
				1EB3E0C52C4703FC001813C8 /* Frameworks */,
				1EB3E0C62C4703FC001813C8 /* Resources */,
			);
			buildRules = (
			);
			dependencies = (
			);
			name = "Machine -Learning-İmage-Recognition";
			productName = "Machine -Learning-İmage-Recognition";
			productReference = 1EB3E0C82C4703FC001813C8 /* Machine -Learning-İmage-Recognition.app */;
			productType = "com.apple.product-type.application";
		};
		1EB3E0DD2C4703FE001813C8 /* Machine -Learning-İmage-RecognitionTests */ = {
			isa = PBXNativeTarget;
			buildConfigurationList = 1EB3E0F52C4703FE001813C8 /* Build configuration list for PBXNativeTarget "Machine -Learning-İmage-RecognitionTests" */;
			buildPhases = (
				1EB3E0DA2C4703FE001813C8 /* Sources */,
				1EB3E0DB2C4703FE001813C8 /* Frameworks */,
				1EB3E0DC2C4703FE001813C8 /* Resources */,
			);
			buildRules = (
			);
			dependencies = (
				1EB3E0E02C4703FE001813C8 /* PBXTargetDependency */,
			);
			name = "Machine -Learning-İmage-RecognitionTests";
			productName = "Machine -Learning-İmage-RecognitionTests";
			productReference = 1EB3E0DE2C4703FE001813C8 /* Machine -Learning-İmage-RecognitionTests.xctest */;
			productType = "com.apple.product-type.bundle.unit-test";
		};
		1EB3E0E72C4703FE001813C8 /* Machine -Learning-İmage-RecognitionUITests */ = {
			isa = PBXNativeTarget;
			buildConfigurationList = 1EB3E0F82C4703FE001813C8 /* Build configuration list for PBXNativeTarget "Machine -Learning-İmage-RecognitionUITests" */;
			buildPhases = (
				1EB3E0E42C4703FE001813C8 /* Sources */,
				1EB3E0E52C4703FE001813C8 /* Frameworks */,
				1EB3E0E62C4703FE001813C8 /* Resources */,
			);
			buildRules = (
			);
			dependencies = (
				1EB3E0EA2C4703FE001813C8 /* PBXTargetDependency */,
			);
			name = "Machine -Learning-İmage-RecognitionUITests";
			productName = "Machine -Learning-İmage-RecognitionUITests";
			productReference = 1EB3E0E82C4703FE001813C8 /* Machine -Learning-İmage-RecognitionUITests.xctest */;
			productType = "com.apple.product-type.bundle.ui-testing";
		};
/* End PBXNativeTarget section */

/* Begin PBXProject section */
		1EB3E0C02C4703FC001813C8 /* Project object */ = {
			isa = PBXProject;
			attributes = {
				BuildIndependentTargetsInParallel = 1;
				LastSwiftUpdateCheck = 1540;
				LastUpgradeCheck = 1540;
				TargetAttributes = {
					1EB3E0C72C4703FC001813C8 = {
						CreatedOnToolsVersion = 15.4;
					};
					1EB3E0DD2C4703FE001813C8 = {
						CreatedOnToolsVersion = 15.4;
						TestTargetID = 1EB3E0C72C4703FC001813C8;
					};
					1EB3E0E72C4703FE001813C8 = {
						CreatedOnToolsVersion = 15.4;
						TestTargetID = 1EB3E0C72C4703FC001813C8;
					};
				};
			};
			buildConfigurationList = 1EB3E0C32C4703FC001813C8 /* Build configuration list for PBXProject "Machine -Learning-İmage-Recognition" */;
			compatibilityVersion = "Xcode 14.0";
			developmentRegion = en;
			hasScannedForEncodings = 0;
			knownRegions = (
				en,
				Base,
			);
			mainGroup = 1EB3E0BF2C4703FC001813C8;
			productRefGroup = 1EB3E0C92C4703FC001813C8 /* Products */;
			projectDirPath = "";
			projectRoot = "";
			targets = (
				1EB3E0C72C4703FC001813C8 /* Machine -Learning-İmage-Recognition */,
				1EB3E0DD2C4703FE001813C8 /* Machine -Learning-İmage-RecognitionTests */,
				1EB3E0E72C4703FE001813C8 /* Machine -Learning-İmage-RecognitionUITests */,
			);
		};
/* End PBXProject section */

/* Begin PBXResourcesBuildPhase section */
		1EB3E0C62C4703FC001813C8 /* Resources */ = {
			isa = PBXResourcesBuildPhase;
			buildActionMask = 2147483647;
			files = (
				1EB3E0D52C4703FE001813C8 /* Assets.xcassets in Resources */,
				1EB3E0D82C4703FE001813C8 /* Base in Resources */,
				1EB3E0D32C4703FC001813C8 /* Base in Resources */,
			);
			runOnlyForDeploymentPostprocessing = 0;
		};
		1EB3E0DC2C4703FE001813C8 /* Resources */ = {
			isa = PBXResourcesBuildPhase;
			buildActionMask = 2147483647;
			files = (
			);
			runOnlyForDeploymentPostprocessing = 0;
		};
		1EB3E0E62C4703FE001813C8 /* Resources */ = {
			isa = PBXResourcesBuildPhase;
			buildActionMask = 2147483647;
			files = (
			);
			runOnlyForDeploymentPostprocessing = 0;
		};
/* End PBXResourcesBuildPhase section */

/* Begin PBXSourcesBuildPhase section */
		1EB3E0C42C4703FC001813C8 /* Sources */ = {
			isa = PBXSourcesBuildPhase;
			buildActionMask = 2147483647;
			files = (
				1EB3E0D02C4703FC001813C8 /* ViewController.swift in Sources */,
				1EB3E0CC2C4703FC001813C8 /* AppDelegate.swift in Sources */,
				1E0335602C47CD9C00562118 /* MobileNetV2.mlmodel in Sources */,
				1EB3E0CE2C4703FC001813C8 /* SceneDelegate.swift in Sources */,
			);
			runOnlyForDeploymentPostprocessing = 0;
		};
		1EB3E0DA2C4703FE001813C8 /* Sources */ = {
			isa = PBXSourcesBuildPhase;
			buildActionMask = 2147483647;
			files = (
				1E0335612C47CD9C00562118 /* MobileNetV2.mlmodel in Sources */,
				1EB3E0E32C4703FE001813C8 /* Machine__Learning_I_mage_RecognitionTests.swift in Sources */,
			);
			runOnlyForDeploymentPostprocessing = 0;
		};
		1EB3E0E42C4703FE001813C8 /* Sources */ = {
			isa = PBXSourcesBuildPhase;
			buildActionMask = 2147483647;
			files = (
				1E0335622C47CD9C00562118 /* MobileNetV2.mlmodel in Sources */,
				1EB3E0EF2C4703FE001813C8 /* Machine__Learning_I_mage_RecognitionUITestsLaunchTests.swift in Sources */,
				1EB3E0ED2C4703FE001813C8 /* Machine__Learning_I_mage_RecognitionUITests.swift in Sources */,
			);
			runOnlyForDeploymentPostprocessing = 0;
		};
/* End PBXSourcesBuildPhase section */

/* Begin PBXTargetDependency section */
		1EB3E0E02C4703FE001813C8 /* PBXTargetDependency */ = {
			isa = PBXTargetDependency;
			target = 1EB3E0C72C4703FC001813C8 /* Machine -Learning-İmage-Recognition */;
			targetProxy = 1EB3E0DF2C4703FE001813C8 /* PBXContainerItemProxy */;
		};
		1EB3E0EA2C4703FE001813C8 /* PBXTargetDependency */ = {
			isa = PBXTargetDependency;
			target = 1EB3E0C72C4703FC001813C8 /* Machine -Learning-İmage-Recognition */;
			targetProxy = 1EB3E0E92C4703FE001813C8 /* PBXContainerItemProxy */;
		};
/* End PBXTargetDependency section */

/* Begin PBXVariantGroup section */
		1EB3E0D12C4703FC001813C8 /* Main.storyboard */ = {
			isa = PBXVariantGroup;
			children = (
				1EB3E0D22C4703FC001813C8 /* Base */,
			);
			name = Main.storyboard;
			sourceTree = "<group>";
		};
		1EB3E0D62C4703FE001813C8 /* LaunchScreen.storyboard */ = {
			isa = PBXVariantGroup;
			children = (
				1EB3E0D72C4703FE001813C8 /* Base */,
			);
			name = LaunchScreen.storyboard;
			sourceTree = "<group>";
		};
/* End PBXVariantGroup section */

/* Begin XCBuildConfiguration section */
		1EB3E0F02C4703FE001813C8 /* Debug */ = {
			isa = XCBuildConfiguration;
			buildSettings = {
				ALWAYS_SEARCH_USER_PATHS = NO;
				ASSETCATALOG_COMPILER_GENERATE_SWIFT_ASSET_SYMBOL_EXTENSIONS = YES;
				CLANG_ANALYZER_NONNULL = YES;
				CLANG_ANALYZER_NUMBER_OBJECT_CONVERSION = YES_AGGRESSIVE;
				CLANG_CXX_LANGUAGE_STANDARD = "gnu++20";
				CLANG_ENABLE_MODULES = YES;
				CLANG_ENABLE_OBJC_ARC = YES;
				CLANG_ENABLE_OBJC_WEAK = YES;
				CLANG_WARN_BLOCK_CAPTURE_AUTORELEASING = YES;
				CLANG_WARN_BOOL_CONVERSION = YES;
				CLANG_WARN_COMMA = YES;
				CLANG_WARN_CONSTANT_CONVERSION = YES;
				CLANG_WARN_DEPRECATED_OBJC_IMPLEMENTATIONS = YES;
				CLANG_WARN_DIRECT_OBJC_ISA_USAGE = YES_ERROR;
				CLANG_WARN_DOCUMENTATION_COMMENTS = YES;
				CLANG_WARN_EMPTY_BODY = YES;
				CLANG_WARN_ENUM_CONVERSION = YES;
				CLANG_WARN_INFINITE_RECURSION = YES;
				CLANG_WARN_INT_CONVERSION = YES;
				CLANG_WARN_NON_LITERAL_NULL_CONVERSION = YES;
				CLANG_WARN_OBJC_IMPLICIT_RETAIN_SELF = YES;
				CLANG_WARN_OBJC_LITERAL_CONVERSION = YES;
				CLANG_WARN_OBJC_ROOT_CLASS = YES_ERROR;
				CLANG_WARN_QUOTED_INCLUDE_IN_FRAMEWORK_HEADER = YES;
				CLANG_WARN_RANGE_LOOP_ANALYSIS = YES;
				CLANG_WARN_STRICT_PROTOTYPES = YES;
				CLANG_WARN_SUSPICIOUS_MOVE = YES;
				CLANG_WARN_UNGUARDED_AVAILABILITY = YES_AGGRESSIVE;
				CLANG_WARN_UNREACHABLE_CODE = YES;
				CLANG_WARN__DUPLICATE_METHOD_MATCH = YES;
				COPY_PHASE_STRIP = NO;
				DEBUG_INFORMATION_FORMAT = dwarf;
				ENABLE_STRICT_OBJC_MSGSEND = YES;
				ENABLE_TESTABILITY = YES;
				ENABLE_USER_SCRIPT_SANDBOXING = YES;
				GCC_C_LANGUAGE_STANDARD = gnu17;
				GCC_DYNAMIC_NO_PIC = NO;
				GCC_NO_COMMON_BLOCKS = YES;
				GCC_OPTIMIZATION_LEVEL = 0;
				GCC_PREPROCESSOR_DEFINITIONS = (
					"DEBUG=1",
					"$(inherited)",
				);
				GCC_WARN_64_TO_32_BIT_CONVERSION = YES;
				GCC_WARN_ABOUT_RETURN_TYPE = YES_ERROR;
				GCC_WARN_UNDECLARED_SELECTOR = YES;
				GCC_WARN_UNINITIALIZED_AUTOS = YES_AGGRESSIVE;
				GCC_WARN_UNUSED_FUNCTION = YES;
				GCC_WARN_UNUSED_VARIABLE = YES;
				IPHONEOS_DEPLOYMENT_TARGET = 17.5;
				LOCALIZATION_PREFERS_STRING_CATALOGS = YES;
				MTL_ENABLE_DEBUG_INFO = INCLUDE_SOURCE;
				MTL_FAST_MATH = YES;
				ONLY_ACTIVE_ARCH = YES;
				SDKROOT = iphoneos;
				SWIFT_ACTIVE_COMPILATION_CONDITIONS = "DEBUG $(inherited)";
				SWIFT_OPTIMIZATION_LEVEL = "-Onone";
			};
			name = Debug;
		};
		1EB3E0F12C4703FE001813C8 /* Release */ = {
			isa = XCBuildConfiguration;
			buildSettings = {
				ALWAYS_SEARCH_USER_PATHS = NO;
				ASSETCATALOG_COMPILER_GENERATE_SWIFT_ASSET_SYMBOL_EXTENSIONS = YES;
				CLANG_ANALYZER_NONNULL = YES;
				CLANG_ANALYZER_NUMBER_OBJECT_CONVERSION = YES_AGGRESSIVE;
				CLANG_CXX_LANGUAGE_STANDARD = "gnu++20";
				CLANG_ENABLE_MODULES = YES;
				CLANG_ENABLE_OBJC_ARC = YES;
				CLANG_ENABLE_OBJC_WEAK = YES;
				CLANG_WARN_BLOCK_CAPTURE_AUTORELEASING = YES;
				CLANG_WARN_BOOL_CONVERSION = YES;
				CLANG_WARN_COMMA = YES;
				CLANG_WARN_CONSTANT_CONVERSION = YES;
				CLANG_WARN_DEPRECATED_OBJC_IMPLEMENTATIONS = YES;
				CLANG_WARN_DIRECT_OBJC_ISA_USAGE = YES_ERROR;
				CLANG_WARN_DOCUMENTATION_COMMENTS = YES;
				CLANG_WARN_EMPTY_BODY = YES;
				CLANG_WARN_ENUM_CONVERSION = YES;
				CLANG_WARN_INFINITE_RECURSION = YES;
				CLANG_WARN_INT_CONVERSION = YES;
				CLANG_WARN_NON_LITERAL_NULL_CONVERSION = YES;
				CLANG_WARN_OBJC_IMPLICIT_RETAIN_SELF = YES;
				CLANG_WARN_OBJC_LITERAL_CONVERSION = YES;
				CLANG_WARN_OBJC_ROOT_CLASS = YES_ERROR;
				CLANG_WARN_QUOTED_INCLUDE_IN_FRAMEWORK_HEADER = YES;
				CLANG_WARN_RANGE_LOOP_ANALYSIS = YES;
				CLANG_WARN_STRICT_PROTOTYPES = YES;
				CLANG_WARN_SUSPICIOUS_MOVE = YES;
				CLANG_WARN_UNGUARDED_AVAILABILITY = YES_AGGRESSIVE;
				CLANG_WARN_UNREACHABLE_CODE = YES;
				CLANG_WARN__DUPLICATE_METHOD_MATCH = YES;
				COPY_PHASE_STRIP = NO;
				DEBUG_INFORMATION_FORMAT = "dwarf-with-dsym";
				ENABLE_NS_ASSERTIONS = NO;
				ENABLE_STRICT_OBJC_MSGSEND = YES;
				ENABLE_USER_SCRIPT_SANDBOXING = YES;
				GCC_C_LANGUAGE_STANDARD = gnu17;
				GCC_NO_COMMON_BLOCKS = YES;
				GCC_WARN_64_TO_32_BIT_CONVERSION = YES;
				GCC_WARN_ABOUT_RETURN_TYPE = YES_ERROR;
				GCC_WARN_UNDECLARED_SELECTOR = YES;
				GCC_WARN_UNINITIALIZED_AUTOS = YES_AGGRESSIVE;
				GCC_WARN_UNUSED_FUNCTION = YES;
				GCC_WARN_UNUSED_VARIABLE = YES;
				IPHONEOS_DEPLOYMENT_TARGET = 17.5;
				LOCALIZATION_PREFERS_STRING_CATALOGS = YES;
				MTL_ENABLE_DEBUG_INFO = NO;
				MTL_FAST_MATH = YES;
				SDKROOT = iphoneos;
				SWIFT_COMPILATION_MODE = wholemodule;
				VALIDATE_PRODUCT = YES;
			};
			name = Release;
		};
		1EB3E0F32C4703FE001813C8 /* Debug */ = {
			isa = XCBuildConfiguration;
			buildSettings = {
				ASSETCATALOG_COMPILER_APPICON_NAME = AppIcon;
				ASSETCATALOG_COMPILER_GLOBAL_ACCENT_COLOR_NAME = AccentColor;
				CODE_SIGN_IDENTITY = "Apple Development";
				CODE_SIGN_STYLE = Automatic;
				CURRENT_PROJECT_VERSION = 1;
				DEVELOPMENT_TEAM = 2A7PW787VZ;
				GENERATE_INFOPLIST_FILE = YES;
				INFOPLIST_FILE = "Machine -Learning-İmage-Recognition/Info.plist";
				INFOPLIST_KEY_UIApplicationSupportsIndirectInputEvents = YES;
				INFOPLIST_KEY_UILaunchStoryboardName = LaunchScreen;
				INFOPLIST_KEY_UIMainStoryboardFile = Main;
				INFOPLIST_KEY_UISupportedInterfaceOrientations_iPad = "UIInterfaceOrientationPortrait UIInterfaceOrientationPortraitUpsideDown UIInterfaceOrientationLandscapeLeft UIInterfaceOrientationLandscapeRight";
				INFOPLIST_KEY_UISupportedInterfaceOrientations_iPhone = "UIInterfaceOrientationPortrait UIInterfaceOrientationLandscapeLeft UIInterfaceOrientationLandscapeRight";
				LD_RUNPATH_SEARCH_PATHS = (
					"$(inherited)",
					"@executable_path/Frameworks",
				);
				MARKETING_VERSION = 1.0;
				PRODUCT_BUNDLE_IDENTIFIER = "sabri.Machine--Learning-I-mage-Recognition";
				PRODUCT_NAME = "$(TARGET_NAME)";
				PROVISIONING_PROFILE_SPECIFIER = "";
				SWIFT_EMIT_LOC_STRINGS = YES;
				SWIFT_VERSION = 5.0;
				TARGETED_DEVICE_FAMILY = "1,2";
			};
			name = Debug;
		};
		1EB3E0F42C4703FE001813C8 /* Release */ = {
			isa = XCBuildConfiguration;
			buildSettings = {
				ASSETCATALOG_COMPILER_APPICON_NAME = AppIcon;
				ASSETCATALOG_COMPILER_GLOBAL_ACCENT_COLOR_NAME = AccentColor;
				CODE_SIGN_IDENTITY = "Apple Development";
				CODE_SIGN_STYLE = Automatic;
				CURRENT_PROJECT_VERSION = 1;
				DEVELOPMENT_TEAM = 2A7PW787VZ;
				GENERATE_INFOPLIST_FILE = YES;
				INFOPLIST_FILE = "Machine -Learning-İmage-Recognition/Info.plist";
				INFOPLIST_KEY_UIApplicationSupportsIndirectInputEvents = YES;
				INFOPLIST_KEY_UILaunchStoryboardName = LaunchScreen;
				INFOPLIST_KEY_UIMainStoryboardFile = Main;
				INFOPLIST_KEY_UISupportedInterfaceOrientations_iPad = "UIInterfaceOrientationPortrait UIInterfaceOrientationPortraitUpsideDown UIInterfaceOrientationLandscapeLeft UIInterfaceOrientationLandscapeRight";
				INFOPLIST_KEY_UISupportedInterfaceOrientations_iPhone = "UIInterfaceOrientationPortrait UIInterfaceOrientationLandscapeLeft UIInterfaceOrientationLandscapeRight";
				LD_RUNPATH_SEARCH_PATHS = (
					"$(inherited)",
					"@executable_path/Frameworks",
				);
				MARKETING_VERSION = 1.0;
				PRODUCT_BUNDLE_IDENTIFIER = "sabri.Machine--Learning-I-mage-Recognition";
				PRODUCT_NAME = "$(TARGET_NAME)";
				PROVISIONING_PROFILE_SPECIFIER = "";
				SWIFT_EMIT_LOC_STRINGS = YES;
				SWIFT_VERSION = 5.0;
				TARGETED_DEVICE_FAMILY = "1,2";
			};
			name = Release;
		};
		1EB3E0F62C4703FE001813C8 /* Debug */ = {
			isa = XCBuildConfiguration;
			buildSettings = {
				ALWAYS_EMBED_SWIFT_STANDARD_LIBRARIES = YES;
				BUNDLE_LOADER = "$(TEST_HOST)";
				CODE_SIGN_STYLE = Automatic;
				CURRENT_PROJECT_VERSION = 1;
				DEVELOPMENT_TEAM = 2A7PW787VZ;
				GENERATE_INFOPLIST_FILE = YES;
				IPHONEOS_DEPLOYMENT_TARGET = 17.5;
				MARKETING_VERSION = 1.0;
				PRODUCT_BUNDLE_IDENTIFIER = "sabri.Machine--Learning-I-mage-RecognitionTests";
				PRODUCT_NAME = "$(TARGET_NAME)";
				SWIFT_EMIT_LOC_STRINGS = NO;
				SWIFT_VERSION = 5.0;
				TARGETED_DEVICE_FAMILY = "1,2";
				TEST_HOST = "$(BUILT_PRODUCTS_DIR)/Machine -Learning-İmage-Recognition.app/$(BUNDLE_EXECUTABLE_FOLDER_PATH)/Machine -Learning-İmage-Recognition";
			};
			name = Debug;
		};
		1EB3E0F72C4703FE001813C8 /* Release */ = {
			isa = XCBuildConfiguration;
			buildSettings = {
				ALWAYS_EMBED_SWIFT_STANDARD_LIBRARIES = YES;
				BUNDLE_LOADER = "$(TEST_HOST)";
				CODE_SIGN_STYLE = Automatic;
				CURRENT_PROJECT_VERSION = 1;
				DEVELOPMENT_TEAM = 2A7PW787VZ;
				GENERATE_INFOPLIST_FILE = YES;
				IPHONEOS_DEPLOYMENT_TARGET = 17.5;
				MARKETING_VERSION = 1.0;
				PRODUCT_BUNDLE_IDENTIFIER = "sabri.Machine--Learning-I-mage-RecognitionTests";
				PRODUCT_NAME = "$(TARGET_NAME)";
				SWIFT_EMIT_LOC_STRINGS = NO;
				SWIFT_VERSION = 5.0;
				TARGETED_DEVICE_FAMILY = "1,2";
				TEST_HOST = "$(BUILT_PRODUCTS_DIR)/Machine -Learning-İmage-Recognition.app/$(BUNDLE_EXECUTABLE_FOLDER_PATH)/Machine -Learning-İmage-Recognition";
			};
			name = Release;
		};
		1EB3E0F92C4703FE001813C8 /* Debug */ = {
			isa = XCBuildConfiguration;
			buildSettings = {
				ALWAYS_EMBED_SWIFT_STANDARD_LIBRARIES = YES;
				CODE_SIGN_STYLE = Automatic;
				CURRENT_PROJECT_VERSION = 1;
				DEVELOPMENT_TEAM = 2A7PW787VZ;
				GENERATE_INFOPLIST_FILE = YES;
				MARKETING_VERSION = 1.0;
				PRODUCT_BUNDLE_IDENTIFIER = "sabri.Machine--Learning-I-mage-RecognitionUITests";
				PRODUCT_NAME = "$(TARGET_NAME)";
				SWIFT_EMIT_LOC_STRINGS = NO;
				SWIFT_VERSION = 5.0;
				TARGETED_DEVICE_FAMILY = "1,2";
				TEST_TARGET_NAME = "Machine -Learning-İmage-Recognition";
			};
			name = Debug;
		};
		1EB3E0FA2C4703FE001813C8 /* Release */ = {
			isa = XCBuildConfiguration;
			buildSettings = {
				ALWAYS_EMBED_SWIFT_STANDARD_LIBRARIES = YES;
				CODE_SIGN_STYLE = Automatic;
				CURRENT_PROJECT_VERSION = 1;
				DEVELOPMENT_TEAM = 2A7PW787VZ;
				GENERATE_INFOPLIST_FILE = YES;
				MARKETING_VERSION = 1.0;
				PRODUCT_BUNDLE_IDENTIFIER = "sabri.Machine--Learning-I-mage-RecognitionUITests";
				PRODUCT_NAME = "$(TARGET_NAME)";
				SWIFT_EMIT_LOC_STRINGS = NO;
				SWIFT_VERSION = 5.0;
				TARGETED_DEVICE_FAMILY = "1,2";
				TEST_TARGET_NAME = "Machine -Learning-İmage-Recognition";
			};
			name = Release;
		};
/* End XCBuildConfiguration section */

/* Begin XCConfigurationList section */
		1EB3E0C32C4703FC001813C8 /* Build configuration list for PBXProject "Machine -Learning-İmage-Recognition" */ = {
			isa = XCConfigurationList;
			buildConfigurations = (
				1EB3E0F02C4703FE001813C8 /* Debug */,
				1EB3E0F12C4703FE001813C8 /* Release */,
			);
			defaultConfigurationIsVisible = 0;
			defaultConfigurationName = Release;
		};
		1EB3E0F22C4703FE001813C8 /* Build configuration list for PBXNativeTarget "Machine -Learning-İmage-Recognition" */ = {
			isa = XCConfigurationList;
			buildConfigurations = (
				1EB3E0F32C4703FE001813C8 /* Debug */,
				1EB3E0F42C4703FE001813C8 /* Release */,
			);
			defaultConfigurationIsVisible = 0;
			defaultConfigurationName = Release;
		};
		1EB3E0F52C4703FE001813C8 /* Build configuration list for PBXNativeTarget "Machine -Learning-İmage-RecognitionTests" */ = {
			isa = XCConfigurationList;
			buildConfigurations = (
				1EB3E0F62C4703FE001813C8 /* Debug */,
				1EB3E0F72C4703FE001813C8 /* Release */,
			);
			defaultConfigurationIsVisible = 0;
			defaultConfigurationName = Release;
		};
		1EB3E0F82C4703FE001813C8 /* Build configuration list for PBXNativeTarget "Machine -Learning-İmage-RecognitionUITests" */ = {
			isa = XCConfigurationList;
			buildConfigurations = (
				1EB3E0F92C4703FE001813C8 /* Debug */,
				1EB3E0FA2C4703FE001813C8 /* Release */,
			);
			defaultConfigurationIsVisible = 0;
			defaultConfigurationName = Release;
		};
/* End XCConfigurationList section */
	};
	rootObject = 1EB3E0C02C4703FC001813C8 /* Project object */;
}
